
Microsoft Visual Studio Solution File, Format Version 12.00
# Visual Studio Version 17
VisualStudioVersion = 17.13.35931.197 d17.13
MinimumVisualStudioVersion = 10.0.40219.1
Project("{FAE04EC0-301F-11D3-BF4B-00C04F79EFBC}") = "GameOfLifeTDDNew", "GameOfLifeTDDNew\GameOfLifeTDDNew.csproj", "{C7DDB7B3-EC00-46FD-A40E-AA51CBB3861E}"
EndProject
Project("{FAE04EC0-301F-11D3-BF4B-00C04F79EFBC}") = "Tests", "Tests\Tests.csproj", "{191EC48E-4284-40BA-9008-FBC71C771520}"
EndProject
Global
	GlobalSection(SolutionConfigurationPlatforms) = preSolution
		Debug|Any CPU = Debug|Any CPU
		Release|Any CPU = Release|Any CPU
	EndGlobalSection
	GlobalSection(ProjectConfigurationPlatforms) = postSolution
		{C7DDB7B3-EC00-46FD-A40E-AA51CBB3861E}.Debug|Any CPU.ActiveCfg = Debug|Any CPU
		{C7DDB7B3-EC00-46FD-A40E-AA51CBB3861E}.Debug|Any CPU.Build.0 = Debug|Any CPU
		{C7DDB7B3-EC00-46FD-A40E-AA51CBB3861E}.Release|Any CPU.ActiveCfg = Release|Any CPU
		{C7DDB7B3-EC00-46FD-A40E-AA51CBB3861E}.Release|Any CPU.Build.0 = Release|Any CPU
		{191EC48E-4284-40BA-9008-FBC71C771520}.Debug|Any CPU.ActiveCfg = Debug|Any CPU
		{191EC48E-4284-40BA-9008-FBC71C771520}.Debug|Any CPU.Build.0 = Debug|Any CPU
		{191EC48E-4284-40BA-9008-FBC71C771520}.Release|Any CPU.ActiveCfg = Release|Any CPU
		{191EC48E-4284-40BA-9008-FBC71C771520}.Release|Any CPU.Build.0 = Release|Any CPU
	EndGlobalSection
	GlobalSection(SolutionProperties) = preSolution
		HideSolutionNode = FALSE
	EndGlobalSection
	GlobalSection(ExtensibilityGlobals) = postSolution
		SolutionGuid = {E2860FCF-2E0C-4AF7-A140-7BBDF71E073C}
	EndGlobalSection
EndGlobal
